
Microsoft Visual Studio Solution File, Format Version 12.00
# Visual Studio Version 16
VisualStudioVersion = 16.0.31613.86
MinimumVisualStudioVersion = 10.0.40219.1
Project("{FAE04EC0-301F-11D3-BF4B-00C04F79EFBC}") = "Shape3D - Interface", "Shape3D - Interface\Shape3D - Interface.csproj", "{8778B6B2-602D-4943-BD8D-336F548311A0}"
EndProject
Global
	GlobalSection(SolutionConfigurationPlatforms) = preSolution
		Debug|Any CPU = Debug|Any CPU
		Release|Any CPU = Release|Any CPU
	EndGlobalSection
	GlobalSection(ProjectConfigurationPlatforms) = postSolution
		{8778B6B2-602D-4943-BD8D-336F548311A0}.Debug|Any CPU.ActiveCfg = Debug|Any CPU
		{8778B6B2-602D-4943-BD8D-336F548311A0}.Debug|Any CPU.Build.0 = Debug|Any CPU
		{8778B6B2-602D-4943-BD8D-336F548311A0}.Release|Any CPU.ActiveCfg = Release|Any CPU
		{8778B6B2-602D-4943-BD8D-336F548311A0}.Release|Any CPU.Build.0 = Release|Any CPU
	EndGlobalSection
	GlobalSection(SolutionProperties) = preSolution
		HideSolutionNode = FALSE
	EndGlobalSection
	GlobalSection(ExtensibilityGlobals) = postSolution
		SolutionGuid = {4B35F05D-B8FD-4153-91D7-5FC2CA586143}
	EndGlobalSection
EndGlobal
